// !$*UTF8*$!
{
	archiveVersion = 1;
	classes = {
	};
	objectVersion = 56;
	objects = {

/* Begin PBXBuildFile section */
		B200000000000000000011 /* TClipboardDispatchTests.swift in Sources */ = {isa = PBXBuildFile; fileRef = B200000000000000000010 /* TClipboardDispatchTests.swift */; };
		B200000000000000000021 /* P2IntegrationCoordinator.swift in Sources */ = {isa = PBXBuildFile; fileRef = B200000000000000000020 /* P2IntegrationCoordinator.swift */; };
		B200000000000000000023 /* RegionSelectionController.swift in Sources */ = {isa = PBXBuildFile; fileRef = B200000000000000000022 /* RegionSelectionController.swift */; };
		B200000000000000000025 /* AppController.swift in Sources */ = {isa = PBXBuildFile; fileRef = B200000000000000000024 /* AppController.swift */; };
		B200000000000000000027 /* TINT2IntegrationTests.swift in Sources */ = {isa = PBXBuildFile; fileRef = B200000000000000000026 /* TINT2IntegrationTests.swift */; };
		A10000000000000000000001 /* PersonalAgentApp.swift in Sources */ = {isa = PBXBuildFile; fileRef = A10000000000000000000011 /* PersonalAgentApp.swift */; };
		A10000000000000000000002 /* MainWindowView.swift in Sources */ = {isa = PBXBuildFile; fileRef = A10000000000000000000012 /* MainWindowView.swift */; };
		A10000000000000000000003 /* Assets.xcassets in Resources */ = {isa = PBXBuildFile; fileRef = A10000000000000000000013 /* Assets.xcassets */; };
		A10000000000000000000004 /* Localizable.xcstrings in Resources */ = {isa = PBXBuildFile; fileRef = A10000000000000000000014 /* Localizable.xcstrings */; };
		A10000000000000000000005 /* PersonalAgentTests.swift in Sources */ = {isa = PBXBuildFile; fileRef = A10000000000000000000015 /* PersonalAgentTests.swift */; };
		B200000000000000000000E1 /* AgentError.swift in Sources */ = {isa = PBXBuildFile; fileRef = B200000000000000000000F1 /* AgentError.swift */; };
		B200000000000000000000E2 /* InputSource.swift in Sources */ = {isa = PBXBuildFile; fileRef = B200000000000000000000F2 /* InputSource.swift */; };
		B200000000000000000000E3 /* OCRResult.swift in Sources */ = {isa = PBXBuildFile; fileRef = B200000000000000000000F3 /* OCRResult.swift */; };
		B200000000000000000000E4 /* QueryContext.swift in Sources */ = {isa = PBXBuildFile; fileRef = B200000000000000000000F4 /* QueryContext.swift */; };
		B200000000000000000000E5 /* ResultModel.swift in Sources */ = {isa = PBXBuildFile; fileRef = B200000000000000000000F5 /* ResultModel.swift */; };
		B200000000000000000000E6 /* ProviderAdapter.swift in Sources */ = {isa = PBXBuildFile; fileRef = B200000000000000000000F6 /* ProviderAdapter.swift */; };
		B200000000000000000000E7 /* TCContractsTests.swift in Sources */ = {isa = PBXBuildFile; fileRef = B200000000000000000000F7 /* TCContractsTests.swift */; };
		B200000000000000000000E8 /* ProviderConfig.swift in Sources */ = {isa = PBXBuildFile; fileRef = B200000000000000000000F8 /* ProviderConfig.swift */; };
		B200000000000000000000E9 /* SecretStore.swift in Sources */ = {isa = PBXBuildFile; fileRef = B200000000000000000000F9 /* SecretStore.swift */; };
		B200000000000000000000EA /* ConfigStore.swift in Sources */ = {isa = PBXBuildFile; fileRef = B200000000000000000000FA /* ConfigStore.swift */; };
		B200000000000000000000EB /* T03ConfigTests.swift in Sources */ = {isa = PBXBuildFile; fileRef = B200000000000000000000FB /* T03ConfigTests.swift */; };
		B200000000000000000000EC /* JSONLResultStore.swift in Sources */ = {isa = PBXBuildFile; fileRef = B200000000000000000000FC /* JSONLResultStore.swift */; };
		B200000000000000000000ED /* T11aJSONLStoreTests.swift in Sources */ = {isa = PBXBuildFile; fileRef = B200000000000000000000FD /* T11aJSONLStoreTests.swift */; };
		B200000000000000000000EE /* LLMHTTPClient.swift in Sources */ = {isa = PBXBuildFile; fileRef = B200000000000000000000FE /* LLMHTTPClient.swift */; };
		B200000000000000000000EF /* OpenAICompatibleLLMProvider.swift in Sources */ = {isa = PBXBuildFile; fileRef = B200000000000000000000FF /* OpenAICompatibleLLMProvider.swift */; };
		B200000000000000000000C2 /* T07aLLMProviderTests.swift in Sources */ = {isa = PBXBuildFile; fileRef = B200000000000000000000C3 /* T07aLLMProviderTests.swift */; };
		B200000000000000000000C4 /* ContentQueryViewModel.swift in Sources */ = {isa = PBXBuildFile; fileRef = B200000000000000000000C5 /* ContentQueryViewModel.swift */; };
		B200000000000000000000C6 /* AppComposition.swift in Sources */ = {isa = PBXBuildFile; fileRef = B200000000000000000000C7 /* AppComposition.swift */; };
		B200000000000000000000C8 /* TUI1QueryFlowTests.swift in Sources */ = {isa = PBXBuildFile; fileRef = B200000000000000000000C9 /* TUI1QueryFlowTests.swift */; };
		B200000000000000000000CB /* InputEntry.swift in Sources */ = {isa = PBXBuildFile; fileRef = B200000000000000000000D3 /* InputEntry.swift */; };
		B200000000000000000000CC /* AccessibilityAuthorizing.swift in Sources */ = {isa = PBXBuildFile; fileRef = B200000000000000000000D4 /* AccessibilityAuthorizing.swift */; };
		B200000000000000000000CD /* InputRouter.swift in Sources */ = {isa = PBXBuildFile; fileRef = B200000000000000000000D5 /* InputRouter.swift */; };
		B200000000000000000000CE /* HotkeyMonitoring.swift in Sources */ = {isa = PBXBuildFile; fileRef = B200000000000000000000D6 /* HotkeyMonitoring.swift */; };
		B200000000000000000000CF /* T04InputRoutingTests.swift in Sources */ = {isa = PBXBuildFile; fileRef = B200000000000000000000D7 /* T04InputRoutingTests.swift */; };
		B200000000000000000000D8 /* ScreenCapture.swift in Sources */ = {isa = PBXBuildFile; fileRef = B200000000000000000000DD /* ScreenCapture.swift */; };
		B200000000000000000000D9 /* ScreenCaptureAuthorizing.swift in Sources */ = {isa = PBXBuildFile; fileRef = B200000000000000000000DE /* ScreenCaptureAuthorizing.swift */; };
		B200000000000000000000DA /* ScreenCaptureCoordinator.swift in Sources */ = {isa = PBXBuildFile; fileRef = B200000000000000000000DF /* ScreenCaptureCoordinator.swift */; };
		B200000000000000000000DB /* SCScreenCapturer.swift in Sources */ = {isa = PBXBuildFile; fileRef = B200000000000000000000E0 /* SCScreenCapturer.swift */; };
		B200000000000000000000DC /* T05ScreenCaptureTests.swift in Sources */ = {isa = PBXBuildFile; fileRef = B200000000000000000000C0 /* T05ScreenCaptureTests.swift */; };
		B200000000000000000000B1 /* OCRRecognizing.swift in Sources */ = {isa = PBXBuildFile; fileRef = B200000000000000000000B6 /* OCRRecognizing.swift */; };
		B200000000000000000000B2 /* OCRAssembler.swift in Sources */ = {isa = PBXBuildFile; fileRef = B200000000000000000000B7 /* OCRAssembler.swift */; };
		B200000000000000000000B3 /* OCRCoordinator.swift in Sources */ = {isa = PBXBuildFile; fileRef = B200000000000000000000B8 /* OCRCoordinator.swift */; };
		B200000000000000000000B4 /* VisionTextRecognizer.swift in Sources */ = {isa = PBXBuildFile; fileRef = B200000000000000000000B9 /* VisionTextRecognizer.swift */; };
		B200000000000000000000B5 /* T06OCRTests.swift in Sources */ = {isa = PBXBuildFile; fileRef = B200000000000000000000BA /* T06OCRTests.swift */; };
		B200000000000000000000BB /* PasteboardReading.swift in Sources */ = {isa = PBXBuildFile; fileRef = B200000000000000000000BE /* PasteboardReading.swift */; };
		B200000000000000000000BC /* ClipboardTextGrabber.swift in Sources */ = {isa = PBXBuildFile; fileRef = B200000000000000000000BF /* ClipboardTextGrabber.swift */; };
		B200000000000000000000BD /* T08ClipboardGrabTests.swift in Sources */ = {isa = PBXBuildFile; fileRef = B200000000000000000000B0 /* T08ClipboardGrabTests.swift */; };
		B200000000000000000000A1 /* TranslateHTTPClient.swift in Sources */ = {isa = PBXBuildFile; fileRef = B200000000000000000000A6 /* TranslateHTTPClient.swift */; };
		B200000000000000000000A2 /* FreeWebTranslateProvider.swift in Sources */ = {isa = PBXBuildFile; fileRef = B200000000000000000000A7 /* FreeWebTranslateProvider.swift */; };
		B200000000000000000000A3 /* T09TranslateProviderTests.swift in Sources */ = {isa = PBXBuildFile; fileRef = B200000000000000000000A8 /* T09TranslateProviderTests.swift */; };
		B200000000000000000000A4 /* RetryingLLMProvider.swift in Sources */ = {isa = PBXBuildFile; fileRef = B200000000000000000000A9 /* RetryingLLMProvider.swift */; };
		B200000000000000000000A5 /* T07bRetryTests.swift in Sources */ = {isa = PBXBuildFile; fileRef = B200000000000000000000AA /* T07bRetryTests.swift */; };
/* End PBXBuildFile section */

/* Begin PBXFileReference section */
		B200000000000000000010 /* TClipboardDispatchTests.swift */ = {isa = PBXFileReference; lastKnownFileType = sourcecode.swift; path = TClipboardDispatchTests.swift; sourceTree = "<group>"; };
		B200000000000000000020 /* P2IntegrationCoordinator.swift */ = {isa = PBXFileReference; lastKnownFileType = sourcecode.swift; path = P2IntegrationCoordinator.swift; sourceTree = "<group>"; };
		B200000000000000000022 /* RegionSelectionController.swift */ = {isa = PBXFileReference; lastKnownFileType = sourcecode.swift; path = RegionSelectionController.swift; sourceTree = "<group>"; };
		B200000000000000000024 /* AppController.swift */ = {isa = PBXFileReference; lastKnownFileType = sourcecode.swift; path = AppController.swift; sourceTree = "<group>"; };
		B200000000000000000026 /* TINT2IntegrationTests.swift */ = {isa = PBXFileReference; lastKnownFileType = sourcecode.swift; path = TINT2IntegrationTests.swift; sourceTree = "<group>"; };
		A10000000000000000000011 /* PersonalAgentApp.swift */ = {isa = PBXFileReference; lastKnownFileType = sourcecode.swift; path = PersonalAgentApp.swift; sourceTree = "<group>"; };
		A10000000000000000000012 /* MainWindowView.swift */ = {isa = PBXFileReference; lastKnownFileType = sourcecode.swift; path = MainWindowView.swift; sourceTree = "<group>"; };
		A10000000000000000000013 /* Assets.xcassets */ = {isa = PBXFileReference; lastKnownFileType = folder.assetcatalog; path = Assets.xcassets; sourceTree = "<group>"; };
		A10000000000000000000014 /* Localizable.xcstrings */ = {isa = PBXFileReference; lastKnownFileType = text.json.xcstrings; path = Localizable.xcstrings; sourceTree = "<group>"; };
		A10000000000000000000015 /* PersonalAgentTests.swift */ = {isa = PBXFileReference; lastKnownFileType = sourcecode.swift; path = PersonalAgentTests.swift; sourceTree = "<group>"; };
		A10000000000000000000016 /* PersonalAgent.app */ = {isa = PBXFileReference; explicitFileType = wrapper.application; includeInIndex = 0; path = PersonalAgent.app; sourceTree = BUILT_PRODUCTS_DIR; };
		A10000000000000000000017 /* PersonalAgentTests.xctest */ = {isa = PBXFileReference; explicitFileType = wrapper.cfbundle; includeInIndex = 0; path = PersonalAgentTests.xctest; sourceTree = BUILT_PRODUCTS_DIR; };
		B200000000000000000000F1 /* AgentError.swift */ = {isa = PBXFileReference; lastKnownFileType = sourcecode.swift; path = AgentError.swift; sourceTree = "<group>"; };
		B200000000000000000000F2 /* InputSource.swift */ = {isa = PBXFileReference; lastKnownFileType = sourcecode.swift; path = InputSource.swift; sourceTree = "<group>"; };
		B200000000000000000000F3 /* OCRResult.swift */ = {isa = PBXFileReference; lastKnownFileType = sourcecode.swift; path = OCRResult.swift; sourceTree = "<group>"; };
		B200000000000000000000F4 /* QueryContext.swift */ = {isa = PBXFileReference; lastKnownFileType = sourcecode.swift; path = QueryContext.swift; sourceTree = "<group>"; };
		B200000000000000000000F5 /* ResultModel.swift */ = {isa = PBXFileReference; lastKnownFileType = sourcecode.swift; path = ResultModel.swift; sourceTree = "<group>"; };
		B200000000000000000000F6 /* ProviderAdapter.swift */ = {isa = PBXFileReference; lastKnownFileType = sourcecode.swift; path = ProviderAdapter.swift; sourceTree = "<group>"; };
		B200000000000000000000F7 /* TCContractsTests.swift */ = {isa = PBXFileReference; lastKnownFileType = sourcecode.swift; path = TCContractsTests.swift; sourceTree = "<group>"; };
		B200000000000000000000F8 /* ProviderConfig.swift */ = {isa = PBXFileReference; lastKnownFileType = sourcecode.swift; path = ProviderConfig.swift; sourceTree = "<group>"; };
		B200000000000000000000F9 /* SecretStore.swift */ = {isa = PBXFileReference; lastKnownFileType = sourcecode.swift; path = SecretStore.swift; sourceTree = "<group>"; };
		B200000000000000000000FA /* ConfigStore.swift */ = {isa = PBXFileReference; lastKnownFileType = sourcecode.swift; path = ConfigStore.swift; sourceTree = "<group>"; };
		B200000000000000000000FB /* T03ConfigTests.swift */ = {isa = PBXFileReference; lastKnownFileType = sourcecode.swift; path = T03ConfigTests.swift; sourceTree = "<group>"; };
		B200000000000000000000FC /* JSONLResultStore.swift */ = {isa = PBXFileReference; lastKnownFileType = sourcecode.swift; path = JSONLResultStore.swift; sourceTree = "<group>"; };
		B200000000000000000000FD /* T11aJSONLStoreTests.swift */ = {isa = PBXFileReference; lastKnownFileType = sourcecode.swift; path = T11aJSONLStoreTests.swift; sourceTree = "<group>"; };
		B200000000000000000000FE /* LLMHTTPClient.swift */ = {isa = PBXFileReference; lastKnownFileType = sourcecode.swift; path = LLMHTTPClient.swift; sourceTree = "<group>"; };
		B200000000000000000000FF /* OpenAICompatibleLLMProvider.swift */ = {isa = PBXFileReference; lastKnownFileType = sourcecode.swift; path = OpenAICompatibleLLMProvider.swift; sourceTree = "<group>"; };
		B200000000000000000000C3 /* T07aLLMProviderTests.swift */ = {isa = PBXFileReference; lastKnownFileType = sourcecode.swift; path = T07aLLMProviderTests.swift; sourceTree = "<group>"; };
		B200000000000000000000C5 /* ContentQueryViewModel.swift */ = {isa = PBXFileReference; lastKnownFileType = sourcecode.swift; path = ContentQueryViewModel.swift; sourceTree = "<group>"; };
		B200000000000000000000C7 /* AppComposition.swift */ = {isa = PBXFileReference; lastKnownFileType = sourcecode.swift; path = AppComposition.swift; sourceTree = "<group>"; };
		B200000000000000000000C9 /* TUI1QueryFlowTests.swift */ = {isa = PBXFileReference; lastKnownFileType = sourcecode.swift; path = TUI1QueryFlowTests.swift; sourceTree = "<group>"; };
		B200000000000000000000D3 /* InputEntry.swift */ = {isa = PBXFileReference; lastKnownFileType = sourcecode.swift; path = InputEntry.swift; sourceTree = "<group>"; };
		B200000000000000000000D4 /* AccessibilityAuthorizing.swift */ = {isa = PBXFileReference; lastKnownFileType = sourcecode.swift; path = AccessibilityAuthorizing.swift; sourceTree = "<group>"; };
		B200000000000000000000D5 /* InputRouter.swift */ = {isa = PBXFileReference; lastKnownFileType = sourcecode.swift; path = InputRouter.swift; sourceTree = "<group>"; };
		B200000000000000000000D6 /* HotkeyMonitoring.swift */ = {isa = PBXFileReference; lastKnownFileType = sourcecode.swift; path = HotkeyMonitoring.swift; sourceTree = "<group>"; };
		B200000000000000000000D7 /* T04InputRoutingTests.swift */ = {isa = PBXFileReference; lastKnownFileType = sourcecode.swift; path = T04InputRoutingTests.swift; sourceTree = "<group>"; };
		B200000000000000000000DD /* ScreenCapture.swift */ = {isa = PBXFileReference; lastKnownFileType = sourcecode.swift; path = ScreenCapture.swift; sourceTree = "<group>"; };
		B200000000000000000000DE /* ScreenCaptureAuthorizing.swift */ = {isa = PBXFileReference; lastKnownFileType = sourcecode.swift; path = ScreenCaptureAuthorizing.swift; sourceTree = "<group>"; };
		B200000000000000000000DF /* ScreenCaptureCoordinator.swift */ = {isa = PBXFileReference; lastKnownFileType = sourcecode.swift; path = ScreenCaptureCoordinator.swift; sourceTree = "<group>"; };
		B200000000000000000000E0 /* SCScreenCapturer.swift */ = {isa = PBXFileReference; lastKnownFileType = sourcecode.swift; path = SCScreenCapturer.swift; sourceTree = "<group>"; };
		B200000000000000000000C0 /* T05ScreenCaptureTests.swift */ = {isa = PBXFileReference; lastKnownFileType = sourcecode.swift; path = T05ScreenCaptureTests.swift; sourceTree = "<group>"; };
		B200000000000000000000B6 /* OCRRecognizing.swift */ = {isa = PBXFileReference; lastKnownFileType = sourcecode.swift; path = OCRRecognizing.swift; sourceTree = "<group>"; };
		B200000000000000000000B7 /* OCRAssembler.swift */ = {isa = PBXFileReference; lastKnownFileType = sourcecode.swift; path = OCRAssembler.swift; sourceTree = "<group>"; };
		B200000000000000000000B8 /* OCRCoordinator.swift */ = {isa = PBXFileReference; lastKnownFileType = sourcecode.swift; path = OCRCoordinator.swift; sourceTree = "<group>"; };
		B200000000000000000000B9 /* VisionTextRecognizer.swift */ = {isa = PBXFileReference; lastKnownFileType = sourcecode.swift; path = VisionTextRecognizer.swift; sourceTree = "<group>"; };
		B200000000000000000000BA /* T06OCRTests.swift */ = {isa = PBXFileReference; lastKnownFileType = sourcecode.swift; path = T06OCRTests.swift; sourceTree = "<group>"; };
		B200000000000000000000BE /* PasteboardReading.swift */ = {isa = PBXFileReference; lastKnownFileType = sourcecode.swift; path = PasteboardReading.swift; sourceTree = "<group>"; };
		B200000000000000000000BF /* ClipboardTextGrabber.swift */ = {isa = PBXFileReference; lastKnownFileType = sourcecode.swift; path = ClipboardTextGrabber.swift; sourceTree = "<group>"; };
		B200000000000000000000B0 /* T08ClipboardGrabTests.swift */ = {isa = PBXFileReference; lastKnownFileType = sourcecode.swift; path = T08ClipboardGrabTests.swift; sourceTree = "<group>"; };
		B200000000000000000000A6 /* TranslateHTTPClient.swift */ = {isa = PBXFileReference; lastKnownFileType = sourcecode.swift; path = TranslateHTTPClient.swift; sourceTree = "<group>"; };
		B200000000000000000000A7 /* FreeWebTranslateProvider.swift */ = {isa = PBXFileReference; lastKnownFileType = sourcecode.swift; path = FreeWebTranslateProvider.swift; sourceTree = "<group>"; };
		B200000000000000000000A8 /* T09TranslateProviderTests.swift */ = {isa = PBXFileReference; lastKnownFileType = sourcecode.swift; path = T09TranslateProviderTests.swift; sourceTree = "<group>"; };
		B200000000000000000000A9 /* RetryingLLMProvider.swift */ = {isa = PBXFileReference; lastKnownFileType = sourcecode.swift; path = RetryingLLMProvider.swift; sourceTree = "<group>"; };
		B200000000000000000000AA /* T07bRetryTests.swift */ = {isa = PBXFileReference; lastKnownFileType = sourcecode.swift; path = T07bRetryTests.swift; sourceTree = "<group>"; };
/* End PBXFileReference section */

/* Begin PBXFrameworksBuildPhase section */
		A10000000000000000000021 /* Frameworks */ = {
			isa = PBXFrameworksBuildPhase;
			buildActionMask = 2147483647;
			files = (
			);
			runOnlyForDeploymentPostprocessing = 0;
		};
		A10000000000000000000022 /* Frameworks */ = {
			isa = PBXFrameworksBuildPhase;
			buildActionMask = 2147483647;
			files = (
			);
			runOnlyForDeploymentPostprocessing = 0;
		};
/* End PBXFrameworksBuildPhase section */

/* Begin PBXContainerItemProxy section */
		B200000000000000000000D2 /* PBXContainerItemProxy */ = {
			isa = PBXContainerItemProxy;
			containerPortal = A10000000000000000000062 /* Project object */;
			proxyType = 1;
			remoteGlobalIDString = A10000000000000000000060;
			remoteInfo = PersonalAgent;
		};
/* End PBXContainerItemProxy section */

/* Begin PBXTargetDependency section */
		B200000000000000000000D1 /* PBXTargetDependency */ = {
			isa = PBXTargetDependency;
			target = A10000000000000000000060 /* PersonalAgent */;
			targetProxy = B200000000000000000000D2 /* PBXContainerItemProxy */;
		};
/* End PBXTargetDependency section */

/* Begin PBXGroup section */
		A10000000000000000000030 = {
			isa = PBXGroup;
			children = (
				A10000000000000000000031 /* PersonalAgent */,
				A10000000000000000000041 /* PersonalAgentTests */,
				A10000000000000000000050 /* Products */,
			);
			sourceTree = "<group>";
		};
		A10000000000000000000031 /* PersonalAgent */ = {
			isa = PBXGroup;
			children = (
				A10000000000000000000032 /* App */,
				A10000000000000000000033 /* UI */,
				A10000000000000000000034 /* Core */,
				A10000000000000000000038 /* Features */,
				A1000000000000000000003C /* Resources */,
			);
			path = PersonalAgent;
			sourceTree = "<group>";
		};
		A10000000000000000000032 /* App */ = {
			isa = PBXGroup;
			children = (
				A10000000000000000000011 /* PersonalAgentApp.swift */,
				B200000000000000000000C7 /* AppComposition.swift */,
				B200000000000000000024 /* AppController.swift */,
			);
			path = App;
			sourceTree = "<group>";
		};
		A10000000000000000000033 /* UI */ = {
			isa = PBXGroup;
			children = (
				A10000000000000000000012 /* MainWindowView.swift */,
				B200000000000000000000C5 /* ContentQueryViewModel.swift */,
				B200000000000000000022 /* RegionSelectionController.swift */,
			);
			path = UI;
			sourceTree = "<group>";
		};
		A10000000000000000000034 /* Core */ = {
			isa = PBXGroup;
			children = (
				A10000000000000000000035 /* Models */,
				A10000000000000000000036 /* Services */,
				A10000000000000000000037 /* Persistence */,
				B200000000000000000000C1 /* Config */,
				B200000000000000000000CA /* Input */,
			);
			path = Core;
			sourceTree = "<group>";
		};
		A10000000000000000000035 /* Models */ = {
			isa = PBXGroup;
			children = (
				B200000000000000000000F1 /* AgentError.swift */,
				B200000000000000000000F2 /* InputSource.swift */,
				B200000000000000000000F3 /* OCRResult.swift */,
				B200000000000000000000F4 /* QueryContext.swift */,
				B200000000000000000000F5 /* ResultModel.swift */,
			);
			path = Models;
			sourceTree = "<group>";
		};
		A10000000000000000000036 /* Services */ = {
			isa = PBXGroup;
			children = (
				B200000000000000000000F6 /* ProviderAdapter.swift */,
				B200000000000000000000FE /* LLMHTTPClient.swift */,
				B200000000000000000000A6 /* TranslateHTTPClient.swift */,
			);
			path = Services;
			sourceTree = "<group>";
		};
		A10000000000000000000037 /* Persistence */ = {
			isa = PBXGroup;
			children = (
				B200000000000000000000FC /* JSONLResultStore.swift */,
			);
			path = Persistence;
			sourceTree = "<group>";
		};
		B200000000000000000000C1 /* Config */ = {
			isa = PBXGroup;
			children = (
				B200000000000000000000F8 /* ProviderConfig.swift */,
				B200000000000000000000F9 /* SecretStore.swift */,
				B200000000000000000000FA /* ConfigStore.swift */,
			);
			path = Config;
			sourceTree = "<group>";
		};
		B200000000000000000000CA /* Input */ = {
			isa = PBXGroup;
			children = (
				B200000000000000000000D3 /* InputEntry.swift */,
				B200000000000000000000D4 /* AccessibilityAuthorizing.swift */,
				B200000000000000000000D5 /* InputRouter.swift */,
				B200000000000000000000D6 /* HotkeyMonitoring.swift */,
				B200000000000000000000BE /* PasteboardReading.swift */,
				B200000000000000000000BF /* ClipboardTextGrabber.swift */,
			);
			path = Input;
			sourceTree = "<group>";
		};
		A10000000000000000000038 /* Features */ = {
			isa = PBXGroup;
			children = (
				A10000000000000000000039 /* Input */,
				A1000000000000000000003A /* Recognition */,
				A1000000000000000000003B /* Providers */,
				B200000000000000000000A0 /* Integration */,
			);
			path = Features;
			sourceTree = "<group>";
		};
		A10000000000000000000039 /* Input */ = {
			isa = PBXGroup;
			children = (
				B200000000000000000000DD /* ScreenCapture.swift */,
				B200000000000000000000DE /* ScreenCaptureAuthorizing.swift */,
				B200000000000000000000DF /* ScreenCaptureCoordinator.swift */,
				B200000000000000000000E0 /* SCScreenCapturer.swift */,
			);
			path = Input;
			sourceTree = "<group>";
		};
		A1000000000000000000003A /* Recognition */ = {
			isa = PBXGroup;
			children = (
				B200000000000000000000B6 /* OCRRecognizing.swift */,
				B200000000000000000000B7 /* OCRAssembler.swift */,
				B200000000000000000000B8 /* OCRCoordinator.swift */,
				B200000000000000000000B9 /* VisionTextRecognizer.swift */,
			);
			path = Recognition;
			sourceTree = "<group>";
		};
		A1000000000000000000003B /* Providers */ = {
			isa = PBXGroup;
			children = (
				B200000000000000000000FF /* OpenAICompatibleLLMProvider.swift */,
				B200000000000000000000A7 /* FreeWebTranslateProvider.swift */,
				B200000000000000000000A9 /* RetryingLLMProvider.swift */,
			);
			path = Providers;
			sourceTree = "<group>";
		};
		B200000000000000000000A0 /* Integration */ = {
			isa = PBXGroup;
			children = (
				B200000000000000000020 /* P2IntegrationCoordinator.swift */,
			);
			path = Integration;
			sourceTree = "<group>";
		};
		A1000000000000000000003C /* Resources */ = {
			isa = PBXGroup;
			children = (
				A10000000000000000000013 /* Assets.xcassets */,
				A10000000000000000000014 /* Localizable.xcstrings */,
			);
			path = Resources;
			sourceTree = "<group>";
		};
		A10000000000000000000041 /* PersonalAgentTests */ = {
			isa = PBXGroup;
			children = (
				A10000000000000000000015 /* PersonalAgentTests.swift */,
				B200000000000000000000F7 /* TCContractsTests.swift */,
				B200000000000000000000FB /* T03ConfigTests.swift */,
				B200000000000000000000FD /* T11aJSONLStoreTests.swift */,
				B200000000000000000000C3 /* T07aLLMProviderTests.swift */,
				B200000000000000000000AA /* T07bRetryTests.swift */,
				B200000000000000000000C9 /* TUI1QueryFlowTests.swift */,
				B200000000000000000000D7 /* T04InputRoutingTests.swift */,
				B200000000000000000000C0 /* T05ScreenCaptureTests.swift */,
				B200000000000000000000BA /* T06OCRTests.swift */,
				B200000000000000000000B0 /* T08ClipboardGrabTests.swift */,
				B200000000000000000000A8 /* T09TranslateProviderTests.swift */,
				B200000000000000000026 /* TINT2IntegrationTests.swift */,
				B200000000000000000010 /* TClipboardDispatchTests.swift */,
			);
			path = PersonalAgentTests;
			sourceTree = "<group>";
		};
		A10000000000000000000050 /* Products */ = {
			isa = PBXGroup;
			children = (
				A10000000000000000000016 /* PersonalAgent.app */,
				A10000000000000000000017 /* PersonalAgentTests.xctest */,
			);
			name = Products;
			sourceTree = "<group>";
		};
/* End PBXGroup section */

/* Begin PBXNativeTarget section */
		A10000000000000000000060 /* PersonalAgent */ = {
			isa = PBXNativeTarget;
			buildConfigurationList = A10000000000000000000090 /* Build configuration list for PBXNativeTarget "PersonalAgent" */;
			buildPhases = (
				A10000000000000000000070 /* Sources */,
				A10000000000000000000021 /* Frameworks */,
				A10000000000000000000080 /* Resources */,
			);
			buildRules = (
			);
			dependencies = (
			);
			name = PersonalAgent;
			productName = PersonalAgent;
			productReference = A10000000000000000000016 /* PersonalAgent.app */;
			productType = "com.apple.product-type.application";
		};
		A10000000000000000000061 /* PersonalAgentTests */ = {
			isa = PBXNativeTarget;
			buildConfigurationList = A10000000000000000000091 /* Build configuration list for PBXNativeTarget "PersonalAgentTests" */;
			buildPhases = (
				A10000000000000000000071 /* Sources */,
				A10000000000000000000022 /* Frameworks */,
				A10000000000000000000081 /* Resources */,
			);
			buildRules = (
			);
			dependencies = (
				B200000000000000000000D1 /* PBXTargetDependency */,
			);
			name = PersonalAgentTests;
			productName = PersonalAgentTests;
			productReference = A10000000000000000000017 /* PersonalAgentTests.xctest */;
			productType = "com.apple.product-type.bundle.unit-test";
		};
/* End PBXNativeTarget section */

/* Begin PBXProject section */
		A10000000000000000000062 /* Project object */ = {
			isa = PBXProject;
			attributes = {
				BuildIndependentTargetsInParallel = 1;
				LastSwiftUpdateCheck = 1500;
				LastUpgradeCheck = 1500;
				TargetAttributes = {
					A10000000000000000000060 = {
						CreatedOnToolsVersion = 15.0;
					};
					A10000000000000000000061 = {
						CreatedOnToolsVersion = 15.0;
					};
				};
			};
			buildConfigurationList = A10000000000000000000092 /* Build configuration list for PBXProject "PersonalAgent" */;
			compatibilityVersion = "Xcode 14.0";
			developmentRegion = en;
			hasScannedForEncodings = 0;
			knownRegions = (
				en,
				"zh-Hans",
				Base,
			);
			mainGroup = A10000000000000000000030;
			productRefGroup = A10000000000000000000050 /* Products */;
			projectDirPath = "";
			projectRoot = "";
			targets = (
				A10000000000000000000060 /* PersonalAgent */,
				A10000000000000000000061 /* PersonalAgentTests */,
			);
		};
/* End PBXProject section */

/* Begin PBXResourcesBuildPhase section */
		A10000000000000000000080 /* Resources */ = {
			isa = PBXResourcesBuildPhase;
			buildActionMask = 2147483647;
			files = (
				A10000000000000000000003 /* Assets.xcassets in Resources */,
				A10000000000000000000004 /* Localizable.xcstrings in Resources */,
			);
			runOnlyForDeploymentPostprocessing = 0;
		};
		A10000000000000000000081 /* Resources */ = {
			isa = PBXResourcesBuildPhase;
			buildActionMask = 2147483647;
			files = (
			);
			runOnlyForDeploymentPostprocessing = 0;
		};
/* End PBXResourcesBuildPhase section */

/* Begin PBXSourcesBuildPhase section */
		A10000000000000000000070 /* Sources */ = {
			isa = PBXSourcesBuildPhase;
			buildActionMask = 2147483647;
			files = (
				A10000000000000000000001 /* PersonalAgentApp.swift in Sources */,
				A10000000000000000000002 /* MainWindowView.swift in Sources */,
				B200000000000000000000E1 /* AgentError.swift in Sources */,
				B200000000000000000000E2 /* InputSource.swift in Sources */,
				B200000000000000000000E3 /* OCRResult.swift in Sources */,
				B200000000000000000000E4 /* QueryContext.swift in Sources */,
				B200000000000000000000E5 /* ResultModel.swift in Sources */,
				B200000000000000000000E6 /* ProviderAdapter.swift in Sources */,
				B200000000000000000000E8 /* ProviderConfig.swift in Sources */,
				B200000000000000000000E9 /* SecretStore.swift in Sources */,
				B200000000000000000000EA /* ConfigStore.swift in Sources */,
				B200000000000000000000EC /* JSONLResultStore.swift in Sources */,
				B200000000000000000000EE /* LLMHTTPClient.swift in Sources */,
				B200000000000000000000EF /* OpenAICompatibleLLMProvider.swift in Sources */,
				B200000000000000000000C4 /* ContentQueryViewModel.swift in Sources */,
				B200000000000000000000C6 /* AppComposition.swift in Sources */,
				B200000000000000000000CB /* InputEntry.swift in Sources */,
				B200000000000000000000CC /* AccessibilityAuthorizing.swift in Sources */,
				B200000000000000000000CD /* InputRouter.swift in Sources */,
				B200000000000000000000CE /* HotkeyMonitoring.swift in Sources */,
				B200000000000000000000D8 /* ScreenCapture.swift in Sources */,
				B200000000000000000000D9 /* ScreenCaptureAuthorizing.swift in Sources */,
				B200000000000000000000DA /* ScreenCaptureCoordinator.swift in Sources */,
				B200000000000000000000DB /* SCScreenCapturer.swift in Sources */,
				B200000000000000000000B1 /* OCRRecognizing.swift in Sources */,
				B200000000000000000000B2 /* OCRAssembler.swift in Sources */,
				B200000000000000000000B3 /* OCRCoordinator.swift in Sources */,
				B200000000000000000000B4 /* VisionTextRecognizer.swift in Sources */,
				B200000000000000000000BB /* PasteboardReading.swift in Sources */,
				B200000000000000000000BC /* ClipboardTextGrabber.swift in Sources */,
				B200000000000000000000A1 /* TranslateHTTPClient.swift in Sources */,
				B200000000000000000000A2 /* FreeWebTranslateProvider.swift in Sources */,
				B200000000000000000000A4 /* RetryingLLMProvider.swift in Sources */,
				B200000000000000000021 /* P2IntegrationCoordinator.swift in Sources */,
				B200000000000000000023 /* RegionSelectionController.swift in Sources */,
				B200000000000000000025 /* AppController.swift in Sources */,
			);
			runOnlyForDeploymentPostprocessing = 0;
		};
		A10000000000000000000071 /* Sources */ = {
			isa = PBXSourcesBuildPhase;
			buildActionMask = 2147483647;
			files = (
				A10000000000000000000005 /* PersonalAgentTests.swift in Sources */,
				B200000000000000000000E7 /* TCContractsTests.swift in Sources */,
				B200000000000000000000EB /* T03ConfigTests.swift in Sources */,
				B200000000000000000000ED /* T11aJSONLStoreTests.swift in Sources */,
				B200000000000000000000C2 /* T07aLLMProviderTests.swift in Sources */,
				B200000000000000000000A5 /* T07bRetryTests.swift in Sources */,
				B200000000000000000000C8 /* TUI1QueryFlowTests.swift in Sources */,
				B200000000000000000000CF /* T04InputRoutingTests.swift in Sources */,
				B200000000000000000000DC /* T05ScreenCaptureTests.swift in Sources */,
				B200000000000000000000B5 /* T06OCRTests.swift in Sources */,
				B200000000000000000000BD /* T08ClipboardGrabTests.swift in Sources */,
				B200000000000000000000A3 /* T09TranslateProviderTests.swift in Sources */,
				B200000000000000000027 /* TINT2IntegrationTests.swift in Sources */,
				B200000000000000000011 /* TClipboardDispatchTests.swift in Sources */,
			);
			runOnlyForDeploymentPostprocessing = 0;
		};
/* End PBXSourcesBuildPhase section */

/* Begin XCBuildConfiguration section */
		A100000000000000000000A0 /* Debug */ = {
			isa = XCBuildConfiguration;
			buildSettings = {
				ALWAYS_SEARCH_USER_PATHS = NO;
				CLANG_ANALYZER_NONNULL = YES;
				CLANG_ANALYZER_NUMBER_OBJECT_CONVERSION = YES_AGGRESSIVE;
				CLANG_CXX_LANGUAGE_STANDARD = "gnu++20";
				CLANG_ENABLE_MODULES = YES;
				CLANG_ENABLE_OBJC_ARC = YES;
				CLANG_ENABLE_OBJC_WEAK = YES;
				CLANG_WARN_BLOCK_CAPTURE_AUTORELEASING = YES;
				CLANG_WARN_BOOL_CONVERSION = YES;
				CLANG_WARN_COMMA = YES;
				CLANG_WARN_CONSTANT_CONVERSION = YES;
				CLANG_WARN_DEPRECATED_OBJC_IMPLEMENTATIONS = YES;
				CLANG_WARN_DIRECT_OBJC_ISA_USAGE = YES_ERROR;
				CLANG_WARN_DOCUMENTATION_COMMENTS = YES;
				CLANG_WARN_EMPTY_BODY = YES;
				CLANG_WARN_ENUM_CONVERSION = YES;
				CLANG_WARN_INFINITE_RECURSION = YES;
				CLANG_WARN_INT_CONVERSION = YES;
				CLANG_WARN_NON_LITERAL_NULL_CONVERSION = YES;
				CLANG_WARN_OBJC_IMPLICIT_RETAIN_SELF = YES;
				CLANG_WARN_OBJC_LITERAL_CONVERSION = YES;
				CLANG_WARN_OBJC_ROOT_CLASS = YES_ERROR;
				CLANG_WARN_QUOTED_INCLUDE_IN_FRAMEWORK_HEADER = YES;
				CLANG_WARN_RANGE_LOOP_ANALYSIS = YES;
				CLANG_WARN_STRICT_PROTOTYPES = YES;
				CLANG_WARN_SUSPICIOUS_MOVE = YES;
				CLANG_WARN_UNGUARDED_AVAILABILITY = YES_AGGRESSIVE;
				CLANG_WARN_UNREACHABLE_CODE = YES;
				CLANG_WARN__DUPLICATE_METHOD_MATCH = YES;
				COPY_PHASE_STRIP = NO;
				DEBUG_INFORMATION_FORMAT = dwarf;
				ENABLE_STRICT_OBJC_MSGSEND = YES;
				ENABLE_TESTABILITY = YES;
				ENABLE_USER_SCRIPT_SANDBOXING = YES;
				GCC_C_LANGUAGE_STANDARD = gnu17;
				GCC_DYNAMIC_NO_PIC = NO;
				GCC_NO_COMMON_BLOCKS = YES;
				GCC_OPTIMIZATION_LEVEL = 0;
				GCC_PREPROCESSOR_DEFINITIONS = (
					"DEBUG=1",
					"$(inherited)",
				);
				GCC_WARN_64_TO_32_BIT_CONVERSION = YES;
				GCC_WARN_ABOUT_RETURN_TYPE = YES_ERROR;
				GCC_WARN_UNDECLARED_SELECTOR = YES;
				GCC_WARN_UNINITIALIZED_AUTOS = YES_AGGRESSIVE;
				GCC_WARN_UNUSED_FUNCTION = YES;
				GCC_WARN_UNUSED_VARIABLE = YES;
				MACOSX_DEPLOYMENT_TARGET = 13.0;
				MTL_ENABLE_DEBUG_INFO = INCLUDE_SOURCE;
				MTL_FAST_MATH = YES;
				ONLY_ACTIVE_ARCH = YES;
				SDKROOT = macosx;
				SWIFT_ACTIVE_COMPILATION_CONDITIONS = DEBUG;
				SWIFT_OPTIMIZATION_LEVEL = "-Onone";
			};
			name = Debug;
		};
		A100000000000000000000A1 /* Release */ = {
			isa = XCBuildConfiguration;
			buildSettings = {
				ALWAYS_SEARCH_USER_PATHS = NO;
				CLANG_ANALYZER_NONNULL = YES;
				CLANG_ANALYZER_NUMBER_OBJECT_CONVERSION = YES_AGGRESSIVE;
				CLANG_CXX_LANGUAGE_STANDARD = "gnu++20";
				CLANG_ENABLE_MODULES = YES;
				CLANG_ENABLE_OBJC_ARC = YES;
				CLANG_ENABLE_OBJC_WEAK = YES;
				CLANG_WARN_BLOCK_CAPTURE_AUTORELEASING = YES;
				CLANG_WARN_BOOL_CONVERSION = YES;
				CLANG_WARN_COMMA = YES;
				CLANG_WARN_CONSTANT_CONVERSION = YES;
				CLANG_WARN_DEPRECATED_OBJC_IMPLEMENTATIONS = YES;
				CLANG_WARN_DIRECT_OBJC_ISA_USAGE = YES_ERROR;
				CLANG_WARN_DOCUMENTATION_COMMENTS = YES;
				CLANG_WARN_EMPTY_BODY = YES;
				CLANG_WARN_ENUM_CONVERSION = YES;
				CLANG_WARN_INFINITE_RECURSION = YES;
				CLANG_WARN_INT_CONVERSION = YES;
				CLANG_WARN_NON_LITERAL_NULL_CONVERSION = YES;
				CLANG_WARN_OBJC_IMPLICIT_RETAIN_SELF = YES;
				CLANG_WARN_OBJC_LITERAL_CONVERSION = YES;
				CLANG_WARN_OBJC_ROOT_CLASS = YES_ERROR;
				CLANG_WARN_QUOTED_INCLUDE_IN_FRAMEWORK_HEADER = YES;
				CLANG_WARN_RANGE_LOOP_ANALYSIS = YES;
				CLANG_WARN_STRICT_PROTOTYPES = YES;
				CLANG_WARN_SUSPICIOUS_MOVE = YES;
				CLANG_WARN_UNGUARDED_AVAILABILITY = YES_AGGRESSIVE;
				CLANG_WARN_UNREACHABLE_CODE = YES;
				CLANG_WARN__DUPLICATE_METHOD_MATCH = YES;
				COPY_PHASE_STRIP = NO;
				DEBUG_INFORMATION_FORMAT = "dwarf-with-dsym";
				ENABLE_NS_ASSERTIONS = NO;
				ENABLE_STRICT_OBJC_MSGSEND = YES;
				ENABLE_USER_SCRIPT_SANDBOXING = YES;
				GCC_C_LANGUAGE_STANDARD = gnu17;
				GCC_NO_COMMON_BLOCKS = YES;
				GCC_WARN_64_TO_32_BIT_CONVERSION = YES;
				GCC_WARN_ABOUT_RETURN_TYPE = YES_ERROR;
				GCC_WARN_UNDECLARED_SELECTOR = YES;
				GCC_WARN_UNINITIALIZED_AUTOS = YES_AGGRESSIVE;
				GCC_WARN_UNUSED_FUNCTION = YES;
				GCC_WARN_UNUSED_VARIABLE = YES;
				MACOSX_DEPLOYMENT_TARGET = 13.0;
				MTL_ENABLE_DEBUG_INFO = NO;
				MTL_FAST_MATH = YES;
				SDKROOT = macosx;
				SWIFT_COMPILATION_MODE = wholemodule;
			};
			name = Release;
		};
		A100000000000000000000A2 /* Debug */ = {
			isa = XCBuildConfiguration;
			buildSettings = {
				ASSETCATALOG_COMPILER_GENERATE_SWIFT_ASSET_SYMBOL_EXTENSIONS = YES;
				CODE_SIGN_IDENTITY = "-";
				CODE_SIGN_STYLE = Automatic;
				COMBINE_HIDPI_IMAGES = YES;
				CURRENT_PROJECT_VERSION = 1;
				ENABLE_PREVIEWS = YES;
				GENERATE_INFOPLIST_FILE = YES;
				INFOPLIST_KEY_CFBundleDisplayName = "Personal Agent";
				INFOPLIST_KEY_LSApplicationCategoryType = "public.app-category.productivity";
				INFOPLIST_KEY_NSHumanReadableCopyright = "";
				MARKETING_VERSION = 1.0;
				PRODUCT_BUNDLE_IDENTIFIER = com.james.personalagent;
				PRODUCT_NAME = "$(TARGET_NAME)";
				SWIFT_EMIT_LOC_STRINGS = YES;
				SWIFT_VERSION = 5.0;
			};
			name = Debug;
		};
		A100000000000000000000A3 /* Release */ = {
			isa = XCBuildConfiguration;
			buildSettings = {
				ASSETCATALOG_COMPILER_GENERATE_SWIFT_ASSET_SYMBOL_EXTENSIONS = YES;
				CODE_SIGN_IDENTITY = "-";
				CODE_SIGN_STYLE = Automatic;
				COMBINE_HIDPI_IMAGES = YES;
				CURRENT_PROJECT_VERSION = 1;
				ENABLE_PREVIEWS = YES;
				GENERATE_INFOPLIST_FILE = YES;
				INFOPLIST_KEY_CFBundleDisplayName = "Personal Agent";
				INFOPLIST_KEY_LSApplicationCategoryType = "public.app-category.productivity";
				INFOPLIST_KEY_NSHumanReadableCopyright = "";
				MARKETING_VERSION = 1.0;
				PRODUCT_BUNDLE_IDENTIFIER = com.james.personalagent;
				PRODUCT_NAME = "$(TARGET_NAME)";
				SWIFT_EMIT_LOC_STRINGS = YES;
				SWIFT_VERSION = 5.0;
			};
			name = Release;
		};
		A100000000000000000000A4 /* Debug */ = {
			isa = XCBuildConfiguration;
			buildSettings = {
				BUNDLE_LOADER = "$(TEST_HOST)";
				CODE_SIGN_IDENTITY = "-";
				CODE_SIGN_STYLE = Automatic;
				CURRENT_PROJECT_VERSION = 1;
				GENERATE_INFOPLIST_FILE = YES;
				MARKETING_VERSION = 1.0;
				PRODUCT_BUNDLE_IDENTIFIER = com.james.personalagent.tests;
				PRODUCT_NAME = "$(TARGET_NAME)";
				SWIFT_VERSION = 5.0;
				TEST_HOST = "$(BUILT_PRODUCTS_DIR)/PersonalAgent.app/Contents/MacOS/PersonalAgent";
			};
			name = Debug;
		};
		A100000000000000000000A5 /* Release */ = {
			isa = XCBuildConfiguration;
			buildSettings = {
				BUNDLE_LOADER = "$(TEST_HOST)";
				CODE_SIGN_IDENTITY = "-";
				CODE_SIGN_STYLE = Automatic;
				CURRENT_PROJECT_VERSION = 1;
				GENERATE_INFOPLIST_FILE = YES;
				MARKETING_VERSION = 1.0;
				PRODUCT_BUNDLE_IDENTIFIER = com.james.personalagent.tests;
				PRODUCT_NAME = "$(TARGET_NAME)";
				SWIFT_VERSION = 5.0;
				TEST_HOST = "$(BUILT_PRODUCTS_DIR)/PersonalAgent.app/Contents/MacOS/PersonalAgent";
			};
			name = Release;
		};
/* End XCBuildConfiguration section */

/* Begin XCConfigurationList section */
		A10000000000000000000090 /* Build configuration list for PBXNativeTarget "PersonalAgent" */ = {
			isa = XCConfigurationList;
			buildConfigurations = (
				A100000000000000000000A2 /* Debug */,
				A100000000000000000000A3 /* Release */,
			);
			defaultConfigurationIsVisible = 0;
			defaultConfigurationName = Release;
		};
		A10000000000000000000091 /* Build configuration list for PBXNativeTarget "PersonalAgentTests" */ = {
			isa = XCConfigurationList;
			buildConfigurations = (
				A100000000000000000000A4 /* Debug */,
				A100000000000000000000A5 /* Release */,
			);
			defaultConfigurationIsVisible = 0;
			defaultConfigurationName = Release;
		};
		A10000000000000000000092 /* Build configuration list for PBXProject "PersonalAgent" */ = {
			isa = XCConfigurationList;
			buildConfigurations = (
				A100000000000000000000A0 /* Debug */,
				A100000000000000000000A1 /* Release */,
			);
			defaultConfigurationIsVisible = 0;
			defaultConfigurationName = Release;
		};
/* End XCConfigurationList section */
	};
	rootObject = A10000000000000000000062 /* Project object */;
}
